
Microsoft Visual Studio Solution File, Format Version 12.00
# Visual Studio Version 17
VisualStudioVersion = 17.11.35208.52
MinimumVisualStudioVersion = 10.0.40219.1
Project("{9A19103F-16F7-4668-BE54-9A1E7A4F7556}") = "Bank.Presentation", "Bank\Bank.Presentation.csproj", "{90C51691-DC6E-49F0-BFB0-74E92F5DDC29}"
EndProject
Project("{9A19103F-16F7-4668-BE54-9A1E7A4F7556}") = "Bank.Domain", "Bank.Domain\Bank.Domain.csproj", "{D9068DCE-3EFA-4ACD-9751-FE0A92399318}"
EndProject
Project("{9A19103F-16F7-4668-BE54-9A1E7A4F7556}") = "Bank.Data", "Bank.Data\Bank.Data.csproj", "{EB58D073-8419-4B7A-9589-43E8598D0AFE}"
EndProject
Project("{9A19103F-16F7-4668-BE54-9A1E7A4F7556}") = "Bank.WebApi", "Bank.WebApi\Bank.WebApi.csproj", "{96431367-46AD-4325-9598-327BCF11D0D1}"
EndProject
Project("{9A19103F-16F7-4668-BE54-9A1E7A4F7556}") = "Bank.WebUI", "Bank.WebUI\Bank.WebUI.csproj", "{BADB1F82-FF54-419A-9147-18578376999D}"
EndProject
Project("{FAE04EC0-301F-11D3-BF4B-00C04F79EFBC}") = "WinForms", "WinForms\WinForms.csproj", "{7D6D3404-B8DD-4507-919D-963896E3AA31}"
EndProject
Global
	GlobalSection(SolutionConfigurationPlatforms) = preSolution
		Debug|Any CPU = Debug|Any CPU
		Release|Any CPU = Release|Any CPU
	EndGlobalSection
	GlobalSection(ProjectConfigurationPlatforms) = postSolution
		{90C51691-DC6E-49F0-BFB0-74E92F5DDC29}.Debug|Any CPU.ActiveCfg = Debug|Any CPU
		{90C51691-DC6E-49F0-BFB0-74E92F5DDC29}.Debug|Any CPU.Build.0 = Debug|Any CPU
		{90C51691-DC6E-49F0-BFB0-74E92F5DDC29}.Release|Any CPU.ActiveCfg = Release|Any CPU
		{90C51691-DC6E-49F0-BFB0-74E92F5DDC29}.Release|Any CPU.Build.0 = Release|Any CPU
		{D9068DCE-3EFA-4ACD-9751-FE0A92399318}.Debug|Any CPU.ActiveCfg = Debug|Any CPU
		{D9068DCE-3EFA-4ACD-9751-FE0A92399318}.Debug|Any CPU.Build.0 = Debug|Any CPU
		{D9068DCE-3EFA-4ACD-9751-FE0A92399318}.Release|Any CPU.ActiveCfg = Release|Any CPU
		{D9068DCE-3EFA-4ACD-9751-FE0A92399318}.Release|Any CPU.Build.0 = Release|Any CPU
		{EB58D073-8419-4B7A-9589-43E8598D0AFE}.Debug|Any CPU.ActiveCfg = Debug|Any CPU
		{EB58D073-8419-4B7A-9589-43E8598D0AFE}.Debug|Any CPU.Build.0 = Debug|Any CPU
		{EB58D073-8419-4B7A-9589-43E8598D0AFE}.Release|Any CPU.ActiveCfg = Release|Any CPU
		{EB58D073-8419-4B7A-9589-43E8598D0AFE}.Release|Any CPU.Build.0 = Release|Any CPU
		{96431367-46AD-4325-9598-327BCF11D0D1}.Debug|Any CPU.ActiveCfg = Debug|Any CPU
		{96431367-46AD-4325-9598-327BCF11D0D1}.Debug|Any CPU.Build.0 = Debug|Any CPU
		{96431367-46AD-4325-9598-327BCF11D0D1}.Release|Any CPU.ActiveCfg = Release|Any CPU
		{96431367-46AD-4325-9598-327BCF11D0D1}.Release|Any CPU.Build.0 = Release|Any CPU
		{BADB1F82-FF54-419A-9147-18578376999D}.Debug|Any CPU.ActiveCfg = Debug|Any CPU
		{BADB1F82-FF54-419A-9147-18578376999D}.Debug|Any CPU.Build.0 = Debug|Any CPU
		{BADB1F82-FF54-419A-9147-18578376999D}.Release|Any CPU.ActiveCfg = Release|Any CPU
		{BADB1F82-FF54-419A-9147-18578376999D}.Release|Any CPU.Build.0 = Release|Any CPU
		{7D6D3404-B8DD-4507-919D-963896E3AA31}.Debug|Any CPU.ActiveCfg = Debug|Any CPU
		{7D6D3404-B8DD-4507-919D-963896E3AA31}.Debug|Any CPU.Build.0 = Debug|Any CPU
		{7D6D3404-B8DD-4507-919D-963896E3AA31}.Release|Any CPU.ActiveCfg = Release|Any CPU
		{7D6D3404-B8DD-4507-919D-963896E3AA31}.Release|Any CPU.Build.0 = Release|Any CPU
	EndGlobalSection
	GlobalSection(SolutionProperties) = preSolution
		HideSolutionNode = FALSE
	EndGlobalSection
	GlobalSection(ExtensibilityGlobals) = postSolution
		SolutionGuid = {4ED9FD6B-C31C-4BE8-B0C5-9867CA6CD352}
	EndGlobalSection
EndGlobal
